// !$*UTF8*$!
{
	archiveVersion = 1;
	classes = {
	};
	objectVersion = 56;
	objects = {

/* Begin PBXBuildFile section */
		6C9A561A29B114BB00F67992 /* MusicByLocation2App.swift in Sources */ = {isa = PBXBuildFile; fileRef = 6C9A561929B114BB00F67992 /* MusicByLocation2App.swift */; };
		6C9A561C29B114BB00F67992 /* ContentView.swift in Sources */ = {isa = PBXBuildFile; fileRef = 6C9A561B29B114BB00F67992 /* ContentView.swift */; };
		6C9A561E29B114BC00F67992 /* Assets.xcassets in Resources */ = {isa = PBXBuildFile; fileRef = 6C9A561D29B114BC00F67992 /* Assets.xcassets */; };
		6C9A562129B114BC00F67992 /* Preview Assets.xcassets in Resources */ = {isa = PBXBuildFile; fileRef = 6C9A562029B114BC00F67992 /* Preview Assets.xcassets */; };
		6C9A562B29B114BD00F67992 /* MusicByLocation2Tests.swift in Sources */ = {isa = PBXBuildFile; fileRef = 6C9A562A29B114BD00F67992 /* MusicByLocation2Tests.swift */; };
		6C9A563529B114BD00F67992 /* MusicByLocation2UITests.swift in Sources */ = {isa = PBXBuildFile; fileRef = 6C9A563429B114BD00F67992 /* MusicByLocation2UITests.swift */; };
		6C9A563729B114BD00F67992 /* MusicByLocation2UITestsLaunchTests.swift in Sources */ = {isa = PBXBuildFile; fileRef = 6C9A563629B114BD00F67992 /* MusicByLocation2UITestsLaunchTests.swift */; };
		6C9A564429B114F000F67992 /* LocationHandler.swift in Sources */ = {isa = PBXBuildFile; fileRef = 6C9A564329B114F000F67992 /* LocationHandler.swift */; };
/* End PBXBuildFile section */

/* Begin PBXContainerItemProxy section */
		6C9A562729B114BD00F67992 /* PBXContainerItemProxy */ = {
			isa = PBXContainerItemProxy;
			containerPortal = 6C9A560E29B114BB00F67992 /* Project object */;
			proxyType = 1;
			remoteGlobalIDString = 6C9A561529B114BB00F67992;
			remoteInfo = MusicByLocation2;
		};
		6C9A563129B114BD00F67992 /* PBXContainerItemProxy */ = {
			isa = PBXContainerItemProxy;
			containerPortal = 6C9A560E29B114BB00F67992 /* Project object */;
			proxyType = 1;
			remoteGlobalIDString = 6C9A561529B114BB00F67992;
			remoteInfo = MusicByLocation2;
		};
/* End PBXContainerItemProxy section */

/* Begin PBXFileReference section */
		6C9A561629B114BB00F67992 /* MusicByLocation2.app */ = {isa = PBXFileReference; explicitFileType = wrapper.application; includeInIndex = 0; path = MusicByLocation2.app; sourceTree = BUILT_PRODUCTS_DIR; };
		6C9A561929B114BB00F67992 /* MusicByLocation2App.swift */ = {isa = PBXFileReference; lastKnownFileType = sourcecode.swift; path = MusicByLocation2App.swift; sourceTree = "<group>"; };
		6C9A561B29B114BB00F67992 /* ContentView.swift */ = {isa = PBXFileReference; lastKnownFileType = sourcecode.swift; path = ContentView.swift; sourceTree = "<group>"; };
		6C9A561D29B114BC00F67992 /* Assets.xcassets */ = {isa = PBXFileReference; lastKnownFileType = folder.assetcatalog; path = Assets.xcassets; sourceTree = "<group>"; };
		6C9A562029B114BC00F67992 /* Preview Assets.xcassets */ = {isa = PBXFileReference; lastKnownFileType = folder.assetcatalog; path = "Preview Assets.xcassets"; sourceTree = "<group>"; };
		6C9A562629B114BD00F67992 /* MusicByLocation2Tests.xctest */ = {isa = PBXFileReference; explicitFileType = wrapper.cfbundle; includeInIndex = 0; path = MusicByLocation2Tests.xctest; sourceTree = BUILT_PRODUCTS_DIR; };
		6C9A562A29B114BD00F67992 /* MusicByLocation2Tests.swift */ = {isa = PBXFileReference; lastKnownFileType = sourcecode.swift; path = MusicByLocation2Tests.swift; sourceTree = "<group>"; };
		6C9A563029B114BD00F67992 /* MusicByLocation2UITests.xctest */ = {isa = PBXFileReference; explicitFileType = wrapper.cfbundle; includeInIndex = 0; path = MusicByLocation2UITests.xctest; sourceTree = BUILT_PRODUCTS_DIR; };
		6C9A563429B114BD00F67992 /* MusicByLocation2UITests.swift */ = {isa = PBXFileReference; lastKnownFileType = sourcecode.swift; path = MusicByLocation2UITests.swift; sourceTree = "<group>"; };
		6C9A563629B114BD00F67992 /* MusicByLocation2UITestsLaunchTests.swift */ = {isa = PBXFileReference; lastKnownFileType = sourcecode.swift; path = MusicByLocation2UITestsLaunchTests.swift; sourceTree = "<group>"; };
		6C9A564329B114F000F67992 /* LocationHandler.swift */ = {isa = PBXFileReference; lastKnownFileType = sourcecode.swift; path = LocationHandler.swift; sourceTree = "<group>"; };
/* End PBXFileReference section */

/* Begin PBXFrameworksBuildPhase section */
		6C9A561329B114BB00F67992 /* Frameworks */ = {
			isa = PBXFrameworksBuildPhase;
			buildActionMask = 2147483647;
			files = (
			);
			runOnlyForDeploymentPostprocessing = 0;
		};
		6C9A562329B114BD00F67992 /* Frameworks */ = {
			isa = PBXFrameworksBuildPhase;
			buildActionMask = 2147483647;
			files = (
			);
			runOnlyForDeploymentPostprocessing = 0;
		};
		6C9A562D29B114BD00F67992 /* Frameworks */ = {
			isa = PBXFrameworksBuildPhase;
			buildActionMask = 2147483647;
			files = (
			);
			runOnlyForDeploymentPostprocessing = 0;
		};
/* End PBXFrameworksBuildPhase section */

/* Begin PBXGroup section */
		6C9A560D29B114BB00F67992 = {
			isa = PBXGroup;
			children = (
				6C9A561829B114BB00F67992 /* MusicByLocation2 */,
				6C9A562929B114BD00F67992 /* MusicByLocation2Tests */,
				6C9A563329B114BD00F67992 /* MusicByLocation2UITests */,
				6C9A561729B114BB00F67992 /* Products */,
			);
			sourceTree = "<group>";
		};
		6C9A561729B114BB00F67992 /* Products */ = {
			isa = PBXGroup;
			children = (
				6C9A561629B114BB00F67992 /* MusicByLocation2.app */,
				6C9A562629B114BD00F67992 /* MusicByLocation2Tests.xctest */,
				6C9A563029B114BD00F67992 /* MusicByLocation2UITests.xctest */,
			);
			name = Products;
			sourceTree = "<group>";
		};
		6C9A561829B114BB00F67992 /* MusicByLocation2 */ = {
			isa = PBXGroup;
			children = (
				6C9A561929B114BB00F67992 /* MusicByLocation2App.swift */,
				6C9A561B29B114BB00F67992 /* ContentView.swift */,
				6C9A561D29B114BC00F67992 /* Assets.xcassets */,
				6C9A561F29B114BC00F67992 /* Preview Content */,
			);
			path = MusicByLocation2;
			sourceTree = "<group>";
		};
		6C9A561F29B114BC00F67992 /* Preview Content */ = {
			isa = PBXGroup;
			children = (
				6C9A562029B114BC00F67992 /* Preview Assets.xcassets */,
				6C9A564329B114F000F67992 /* LocationHandler.swift */,
			);
			path = "Preview Content";
			sourceTree = "<group>";
		};
		6C9A562929B114BD00F67992 /* MusicByLocation2Tests */ = {
			isa = PBXGroup;
			children = (
				6C9A562A29B114BD00F67992 /* MusicByLocation2Tests.swift */,
			);
			path = MusicByLocation2Tests;
			sourceTree = "<group>";
		};
		6C9A563329B114BD00F67992 /* MusicByLocation2UITests */ = {
			isa = PBXGroup;
			children = (
				6C9A563429B114BD00F67992 /* MusicByLocation2UITests.swift */,
				6C9A563629B114BD00F67992 /* MusicByLocation2UITestsLaunchTests.swift */,
			);
			path = MusicByLocation2UITests;
			sourceTree = "<group>";
		};
/* End PBXGroup section */

/* Begin PBXNativeTarget section */
		6C9A561529B114BB00F67992 /* MusicByLocation2 */ = {
			isa = PBXNativeTarget;
			buildConfigurationList = 6C9A563A29B114BD00F67992 /* Build configuration list for PBXNativeTarget "MusicByLocation2" */;
			buildPhases = (
				6C9A561229B114BB00F67992 /* Sources */,
				6C9A561329B114BB00F67992 /* Frameworks */,
				6C9A561429B114BB00F67992 /* Resources */,
			);
			buildRules = (
			);
			dependencies = (
			);
			name = MusicByLocation2;
			productName = MusicByLocation2;
			productReference = 6C9A561629B114BB00F67992 /* MusicByLocation2.app */;
			productType = "com.apple.product-type.application";
		};
		6C9A562529B114BD00F67992 /* MusicByLocation2Tests */ = {
			isa = PBXNativeTarget;
			buildConfigurationList = 6C9A563D29B114BD00F67992 /* Build configuration list for PBXNativeTarget "MusicByLocation2Tests" */;
			buildPhases = (
				6C9A562229B114BD00F67992 /* Sources */,
				6C9A562329B114BD00F67992 /* Frameworks */,
				6C9A562429B114BD00F67992 /* Resources */,
			);
			buildRules = (
			);
			dependencies = (
				6C9A562829B114BD00F67992 /* PBXTargetDependency */,
			);
			name = MusicByLocation2Tests;
			productName = MusicByLocation2Tests;
			productReference = 6C9A562629B114BD00F67992 /* MusicByLocation2Tests.xctest */;
			productType = "com.apple.product-type.bundle.unit-test";
		};
		6C9A562F29B114BD00F67992 /* MusicByLocation2UITests */ = {
			isa = PBXNativeTarget;
			buildConfigurationList = 6C9A564029B114BD00F67992 /* Build configuration list for PBXNativeTarget "MusicByLocation2UITests" */;
			buildPhases = (
				6C9A562C29B114BD00F67992 /* Sources */,
				6C9A562D29B114BD00F67992 /* Frameworks */,
				6C9A562E29B114BD00F67992 /* Resources */,
			);
			buildRules = (
			);
			dependencies = (
				6C9A563229B114BD00F67992 /* PBXTargetDependency */,
			);
			name = MusicByLocation2UITests;
			productName = MusicByLocation2UITests;
			productReference = 6C9A563029B114BD00F67992 /* MusicByLocation2UITests.xctest */;
			productType = "com.apple.product-type.bundle.ui-testing";
		};
/* End PBXNativeTarget section */

/* Begin PBXProject section */
		6C9A560E29B114BB00F67992 /* Project object */ = {
			isa = PBXProject;
			attributes = {
				BuildIndependentTargetsInParallel = 1;
				LastSwiftUpdateCheck = 1420;
				LastUpgradeCheck = 1420;
				TargetAttributes = {
					6C9A561529B114BB00F67992 = {
						CreatedOnToolsVersion = 14.2;
					};
					6C9A562529B114BD00F67992 = {
						CreatedOnToolsVersion = 14.2;
						TestTargetID = 6C9A561529B114BB00F67992;
					};
					6C9A562F29B114BD00F67992 = {
						CreatedOnToolsVersion = 14.2;
						TestTargetID = 6C9A561529B114BB00F67992;
					};
				};
			};
			buildConfigurationList = 6C9A561129B114BB00F67992 /* Build configuration list for PBXProject "MusicByLocation2" */;
			compatibilityVersion = "Xcode 14.0";
			developmentRegion = en;
			hasScannedForEncodings = 0;
			knownRegions = (
				en,
				Base,
			);
			mainGroup = 6C9A560D29B114BB00F67992;
			productRefGroup = 6C9A561729B114BB00F67992 /* Products */;
			projectDirPath = "";
			projectRoot = "";
			targets = (
				6C9A561529B114BB00F67992 /* MusicByLocation2 */,
				6C9A562529B114BD00F67992 /* MusicByLocation2Tests */,
				6C9A562F29B114BD00F67992 /* MusicByLocation2UITests */,
			);
		};
/* End PBXProject section */

/* Begin PBXResourcesBuildPhase section */
		6C9A561429B114BB00F67992 /* Resources */ = {
			isa = PBXResourcesBuildPhase;
			buildActionMask = 2147483647;
			files = (
				6C9A562129B114BC00F67992 /* Preview Assets.xcassets in Resources */,
				6C9A561E29B114BC00F67992 /* Assets.xcassets in Resources */,
			);
			runOnlyForDeploymentPostprocessing = 0;
		};
		6C9A562429B114BD00F67992 /* Resources */ = {
			isa = PBXResourcesBuildPhase;
			buildActionMask = 2147483647;
			files = (
			);
			runOnlyForDeploymentPostprocessing = 0;
		};
		6C9A562E29B114BD00F67992 /* Resources */ = {
			isa = PBXResourcesBuildPhase;
			buildActionMask = 2147483647;
			files = (
			);
			runOnlyForDeploymentPostprocessing = 0;
		};
/* End PBXResourcesBuildPhase section */

/* Begin PBXSourcesBuildPhase section */
		6C9A561229B114BB00F67992 /* Sources */ = {
			isa = PBXSourcesBuildPhase;
			buildActionMask = 2147483647;
			files = (
				6C9A564429B114F000F67992 /* LocationHandler.swift in Sources */,
				6C9A561C29B114BB00F67992 /* ContentView.swift in Sources */,
				6C9A561A29B114BB00F67992 /* MusicByLocation2App.swift in Sources */,
			);
			runOnlyForDeploymentPostprocessing = 0;
		};
		6C9A562229B114BD00F67992 /* Sources */ = {
			isa = PBXSourcesBuildPhase;
			buildActionMask = 2147483647;
			files = (
				6C9A562B29B114BD00F67992 /* MusicByLocation2Tests.swift in Sources */,
			);
			runOnlyForDeploymentPostprocessing = 0;
		};
		6C9A562C29B114BD00F67992 /* Sources */ = {
			isa = PBXSourcesBuildPhase;
			buildActionMask = 2147483647;
			files = (
				6C9A563529B114BD00F67992 /* MusicByLocation2UITests.swift in Sources */,
				6C9A563729B114BD00F67992 /* MusicByLocation2UITestsLaunchTests.swift in Sources */,
			);
			runOnlyForDeploymentPostprocessing = 0;
		};
/* End PBXSourcesBuildPhase section */

/* Begin PBXTargetDependency section */
		6C9A562829B114BD00F67992 /* PBXTargetDependency */ = {
			isa = PBXTargetDependency;
			target = 6C9A561529B114BB00F67992 /* MusicByLocation2 */;
			targetProxy = 6C9A562729B114BD00F67992 /* PBXContainerItemProxy */;
		};
		6C9A563229B114BD00F67992 /* PBXTargetDependency */ = {
			isa = PBXTargetDependency;
			target = 6C9A561529B114BB00F67992 /* MusicByLocation2 */;
			targetProxy = 6C9A563129B114BD00F67992 /* PBXContainerItemProxy */;
		};
/* End PBXTargetDependency section */

/* Begin XCBuildConfiguration section */
		6C9A563829B114BD00F67992 /* Debug */ = {
			isa = XCBuildConfiguration;
			buildSettings = {
				ALWAYS_SEARCH_USER_PATHS = NO;
				CLANG_ANALYZER_NONNULL = YES;
				CLANG_ANALYZER_NUMBER_OBJECT_CONVERSION = YES_AGGRESSIVE;
				CLANG_CXX_LANGUAGE_STANDARD = "gnu++20";
				CLANG_ENABLE_MODULES = YES;
				CLANG_ENABLE_OBJC_ARC = YES;
				CLANG_ENABLE_OBJC_WEAK = YES;
				CLANG_WARN_BLOCK_CAPTURE_AUTORELEASING = YES;
				CLANG_WARN_BOOL_CONVERSION = YES;
				CLANG_WARN_COMMA = YES;
				CLANG_WARN_CONSTANT_CONVERSION = YES;
				CLANG_WARN_DEPRECATED_OBJC_IMPLEMENTATIONS = YES;
				CLANG_WARN_DIRECT_OBJC_ISA_USAGE = YES_ERROR;
				CLANG_WARN_DOCUMENTATION_COMMENTS = YES;
				CLANG_WARN_EMPTY_BODY = YES;
				CLANG_WARN_ENUM_CONVERSION = YES;
				CLANG_WARN_INFINITE_RECURSION = YES;
				CLANG_WARN_INT_CONVERSION = YES;
				CLANG_WARN_NON_LITERAL_NULL_CONVERSION = YES;
				CLANG_WARN_OBJC_IMPLICIT_RETAIN_SELF = YES;
				CLANG_WARN_OBJC_LITERAL_CONVERSION = YES;
				CLANG_WARN_OBJC_ROOT_CLASS = YES_ERROR;
				CLANG_WARN_QUOTED_INCLUDE_IN_FRAMEWORK_HEADER = YES;
				CLANG_WARN_RANGE_LOOP_ANALYSIS = YES;
				CLANG_WARN_STRICT_PROTOTYPES = YES;
				CLANG_WARN_SUSPICIOUS_MOVE = YES;
				CLANG_WARN_UNGUARDED_AVAILABILITY = YES_AGGRESSIVE;
				CLANG_WARN_UNREACHABLE_CODE = YES;
				CLANG_WARN__DUPLICATE_METHOD_MATCH = YES;
				COPY_PHASE_STRIP = NO;
				DEBUG_INFORMATION_FORMAT = dwarf;
				ENABLE_STRICT_OBJC_MSGSEND = YES;
				ENABLE_TESTABILITY = YES;
				GCC_C_LANGUAGE_STANDARD = gnu11;
				GCC_DYNAMIC_NO_PIC = NO;
				GCC_NO_COMMON_BLOCKS = YES;
				GCC_OPTIMIZATION_LEVEL = 0;
				GCC_PREPROCESSOR_DEFINITIONS = (
					"DEBUG=1",
					"$(inherited)",
				);
				GCC_WARN_64_TO_32_BIT_CONVERSION = YES;
				GCC_WARN_ABOUT_RETURN_TYPE = YES_ERROR;
				GCC_WARN_UNDECLARED_SELECTOR = YES;
				GCC_WARN_UNINITIALIZED_AUTOS = YES_AGGRESSIVE;
				GCC_WARN_UNUSED_FUNCTION = YES;
				GCC_WARN_UNUSED_VARIABLE = YES;
				IPHONEOS_DEPLOYMENT_TARGET = 16.2;
				MTL_ENABLE_DEBUG_INFO = INCLUDE_SOURCE;
				MTL_FAST_MATH = YES;
				ONLY_ACTIVE_ARCH = YES;
				SDKROOT = iphoneos;
				SWIFT_ACTIVE_COMPILATION_CONDITIONS = DEBUG;
				SWIFT_OPTIMIZATION_LEVEL = "-Onone";
			};
			name = Debug;
		};
		6C9A563929B114BD00F67992 /* Release */ = {
			isa = XCBuildConfiguration;
			buildSettings = {
				ALWAYS_SEARCH_USER_PATHS = NO;
				CLANG_ANALYZER_NONNULL = YES;
				CLANG_ANALYZER_NUMBER_OBJECT_CONVERSION = YES_AGGRESSIVE;
				CLANG_CXX_LANGUAGE_STANDARD = "gnu++20";
				CLANG_ENABLE_MODULES = YES;
				CLANG_ENABLE_OBJC_ARC = YES;
				CLANG_ENABLE_OBJC_WEAK = YES;
				CLANG_WARN_BLOCK_CAPTURE_AUTORELEASING = YES;
				CLANG_WARN_BOOL_CONVERSION = YES;
				CLANG_WARN_COMMA = YES;
				CLANG_WARN_CONSTANT_CONVERSION = YES;
				CLANG_WARN_DEPRECATED_OBJC_IMPLEMENTATIONS = YES;
				CLANG_WARN_DIRECT_OBJC_ISA_USAGE = YES_ERROR;
				CLANG_WARN_DOCUMENTATION_COMMENTS = YES;
				CLANG_WARN_EMPTY_BODY = YES;
				CLANG_WARN_ENUM_CONVERSION = YES;
				CLANG_WARN_INFINITE_RECURSION = YES;
				CLANG_WARN_INT_CONVERSION = YES;
				CLANG_WARN_NON_LITERAL_NULL_CONVERSION = YES;
				CLANG_WARN_OBJC_IMPLICIT_RETAIN_SELF = YES;
				CLANG_WARN_OBJC_LITERAL_CONVERSION = YES;
				CLANG_WARN_OBJC_ROOT_CLASS = YES_ERROR;
				CLANG_WARN_QUOTED_INCLUDE_IN_FRAMEWORK_HEADER = YES;
				CLANG_WARN_RANGE_LOOP_ANALYSIS = YES;
				CLANG_WARN_STRICT_PROTOTYPES = YES;
				CLANG_WARN_SUSPICIOUS_MOVE = YES;
				CLANG_WARN_UNGUARDED_AVAILABILITY = YES_AGGRESSIVE;
				CLANG_WARN_UNREACHABLE_CODE = YES;
				CLANG_WARN__DUPLICATE_METHOD_MATCH = YES;
				COPY_PHASE_STRIP = NO;
				DEBUG_INFORMATION_FORMAT = "dwarf-with-dsym";
				ENABLE_NS_ASSERTIONS = NO;
				ENABLE_STRICT_OBJC_MSGSEND = YES;
				GCC_C_LANGUAGE_STANDARD = gnu11;
				GCC_NO_COMMON_BLOCKS = YES;
				GCC_WARN_64_TO_32_BIT_CONVERSION = YES;
				GCC_WARN_ABOUT_RETURN_TYPE = YES_ERROR;
				GCC_WARN_UNDECLARED_SELECTOR = YES;
				GCC_WARN_UNINITIALIZED_AUTOS = YES_AGGRESSIVE;
				GCC_WARN_UNUSED_FUNCTION = YES;
				GCC_WARN_UNUSED_VARIABLE = YES;
				IPHONEOS_DEPLOYMENT_TARGET = 16.2;
				MTL_ENABLE_DEBUG_INFO = NO;
				MTL_FAST_MATH = YES;
				SDKROOT = iphoneos;
				SWIFT_COMPILATION_MODE = wholemodule;
				SWIFT_OPTIMIZATION_LEVEL = "-O";
				VALIDATE_PRODUCT = YES;
			};
			name = Release;
		};
		6C9A563B29B114BD00F67992 /* Debug */ = {
			isa = XCBuildConfiguration;
			buildSettings = {
				ASSETCATALOG_COMPILER_APPICON_NAME = AppIcon;
				ASSETCATALOG_COMPILER_GLOBAL_ACCENT_COLOR_NAME = AccentColor;
				CODE_SIGN_STYLE = Automatic;
				CURRENT_PROJECT_VERSION = 1;
				DEVELOPMENT_ASSET_PATHS = "\"MusicByLocation2/Preview Content\"";
				ENABLE_PREVIEWS = YES;
				GENERATE_INFOPLIST_FILE = YES;
				INFOPLIST_KEY_NSLocationWhenInUseUsageDescription = "We would like to know your location to find music near you";
				INFOPLIST_KEY_UIApplicationSceneManifest_Generation = YES;
				INFOPLIST_KEY_UIApplicationSupportsIndirectInputEvents = YES;
				INFOPLIST_KEY_UILaunchScreen_Generation = YES;
				INFOPLIST_KEY_UISupportedInterfaceOrientations_iPad = "UIInterfaceOrientationPortrait UIInterfaceOrientationPortraitUpsideDown UIInterfaceOrientationLandscapeLeft UIInterfaceOrientationLandscapeRight";
				INFOPLIST_KEY_UISupportedInterfaceOrientations_iPhone = "UIInterfaceOrientationPortrait UIInterfaceOrientationLandscapeLeft UIInterfaceOrientationLandscapeRight";
				LD_RUNPATH_SEARCH_PATHS = (
					"$(inherited)",
					"@executable_path/Frameworks",
				);
				MARKETING_VERSION = 1.0;
				PRODUCT_BUNDLE_IDENTIFIER = MikhailLukyanov1.MusicByLocation2;
				PRODUCT_NAME = "$(TARGET_NAME)";
				SWIFT_EMIT_LOC_STRINGS = YES;
				SWIFT_VERSION = 5.0;
				TARGETED_DEVICE_FAMILY = "1,2";
			};
			name = Debug;
		};
		6C9A563C29B114BD00F67992 /* Release */ = {
			isa = XCBuildConfiguration;
			buildSettings = {
				ASSETCATALOG_COMPILER_APPICON_NAME = AppIcon;
				ASSETCATALOG_COMPILER_GLOBAL_ACCENT_COLOR_NAME = AccentColor;
				CODE_SIGN_STYLE = Automatic;
				CURRENT_PROJECT_VERSION = 1;
				DEVELOPMENT_ASSET_PATHS = "\"MusicByLocation2/Preview Content\"";
				ENABLE_PREVIEWS = YES;
				GENERATE_INFOPLIST_FILE = YES;
				INFOPLIST_KEY_NSLocationWhenInUseUsageDescription = "We would like to know your location to find music near you";
				INFOPLIST_KEY_UIApplicationSceneManifest_Generation = YES;
				INFOPLIST_KEY_UIApplicationSupportsIndirectInputEvents = YES;
				INFOPLIST_KEY_UILaunchScreen_Generation = YES;
				INFOPLIST_KEY_UISupportedInterfaceOrientations_iPad = "UIInterfaceOrientationPortrait UIInterfaceOrientationPortraitUpsideDown UIInterfaceOrientationLandscapeLeft UIInterfaceOrientationLandscapeRight";
				INFOPLIST_KEY_UISupportedInterfaceOrientations_iPhone = "UIInterfaceOrientationPortrait UIInterfaceOrientationLandscapeLeft UIInterfaceOrientationLandscapeRight";
				LD_RUNPATH_SEARCH_PATHS = (
					"$(inherited)",
					"@executable_path/Frameworks",
				);
				MARKETING_VERSION = 1.0;
				PRODUCT_BUNDLE_IDENTIFIER = MikhailLukyanov1.MusicByLocation2;
				PRODUCT_NAME = "$(TARGET_NAME)";
				SWIFT_EMIT_LOC_STRINGS = YES;
				SWIFT_VERSION = 5.0;
				TARGETED_DEVICE_FAMILY = "1,2";
			};
			name = Release;
		};
		6C9A563E29B114BD00F67992 /* Debug */ = {
			isa = XCBuildConfiguration;
			buildSettings = {
				ALWAYS_EMBED_SWIFT_STANDARD_LIBRARIES = YES;
				BUNDLE_LOADER = "$(TEST_HOST)";
				CODE_SIGN_STYLE = Automatic;
				CURRENT_PROJECT_VERSION = 1;
				GENERATE_INFOPLIST_FILE = YES;
				IPHONEOS_DEPLOYMENT_TARGET = 16.2;
				MARKETING_VERSION = 1.0;
				PRODUCT_BUNDLE_IDENTIFIER = MikhailLukyanov1.MusicByLocation2Tests;
				PRODUCT_NAME = "$(TARGET_NAME)";
				SWIFT_EMIT_LOC_STRINGS = NO;
				SWIFT_VERSION = 5.0;
				TARGETED_DEVICE_FAMILY = "1,2";
				TEST_HOST = "$(BUILT_PRODUCTS_DIR)/MusicByLocation2.app/$(BUNDLE_EXECUTABLE_FOLDER_PATH)/MusicByLocation2";
			};
			name = Debug;
		};
		6C9A563F29B114BD00F67992 /* Release */ = {
			isa = XCBuildConfiguration;
			buildSettings = {
				ALWAYS_EMBED_SWIFT_STANDARD_LIBRARIES = YES;
				BUNDLE_LOADER = "$(TEST_HOST)";
				CODE_SIGN_STYLE = Automatic;
				CURRENT_PROJECT_VERSION = 1;
				GENERATE_INFOPLIST_FILE = YES;
				IPHONEOS_DEPLOYMENT_TARGET = 16.2;
				MARKETING_VERSION = 1.0;
				PRODUCT_BUNDLE_IDENTIFIER = MikhailLukyanov1.MusicByLocation2Tests;
				PRODUCT_NAME = "$(TARGET_NAME)";
				SWIFT_EMIT_LOC_STRINGS = NO;
				SWIFT_VERSION = 5.0;
				TARGETED_DEVICE_FAMILY = "1,2";
				TEST_HOST = "$(BUILT_PRODUCTS_DIR)/MusicByLocation2.app/$(BUNDLE_EXECUTABLE_FOLDER_PATH)/MusicByLocation2";
			};
			name = Release;
		};
		6C9A564129B114BD00F67992 /* Debug */ = {
			isa = XCBuildConfiguration;
			buildSettings = {
				ALWAYS_EMBED_SWIFT_STANDARD_LIBRARIES = YES;
				CODE_SIGN_STYLE = Automatic;
				CURRENT_PROJECT_VERSION = 1;
				GENERATE_INFOPLIST_FILE = YES;
				MARKETING_VERSION = 1.0;
				PRODUCT_BUNDLE_IDENTIFIER = MikhailLukyanov1.MusicByLocation2UITests;
				PRODUCT_NAME = "$(TARGET_NAME)";
				SWIFT_EMIT_LOC_STRINGS = NO;
				SWIFT_VERSION = 5.0;
				TARGETED_DEVICE_FAMILY = "1,2";
				TEST_TARGET_NAME = MusicByLocation2;
			};
			name = Debug;
		};
		6C9A564229B114BD00F67992 /* Release */ = {
			isa = XCBuildConfiguration;
			buildSettings = {
				ALWAYS_EMBED_SWIFT_STANDARD_LIBRARIES = YES;
				CODE_SIGN_STYLE = Automatic;
				CURRENT_PROJECT_VERSION = 1;
				GENERATE_INFOPLIST_FILE = YES;
				MARKETING_VERSION = 1.0;
				PRODUCT_BUNDLE_IDENTIFIER = MikhailLukyanov1.MusicByLocation2UITests;
				PRODUCT_NAME = "$(TARGET_NAME)";
				SWIFT_EMIT_LOC_STRINGS = NO;
				SWIFT_VERSION = 5.0;
				TARGETED_DEVICE_FAMILY = "1,2";
				TEST_TARGET_NAME = MusicByLocation2;
			};
			name = Release;
		};
/* End XCBuildConfiguration section */

/* Begin XCConfigurationList section */
		6C9A561129B114BB00F67992 /* Build configuration list for PBXProject "MusicByLocation2" */ = {
			isa = XCConfigurationList;
			buildConfigurations = (
				6C9A563829B114BD00F67992 /* Debug */,
				6C9A563929B114BD00F67992 /* Release */,
			);
			defaultConfigurationIsVisible = 0;
			defaultConfigurationName = Release;
		};
		6C9A563A29B114BD00F67992 /* Build configuration list for PBXNativeTarget "MusicByLocation2" */ = {
			isa = XCConfigurationList;
			buildConfigurations = (
				6C9A563B29B114BD00F67992 /* Debug */,
				6C9A563C29B114BD00F67992 /* Release */,
			);
			defaultConfigurationIsVisible = 0;
			defaultConfigurationName = Release;
		};
		6C9A563D29B114BD00F67992 /* Build configuration list for PBXNativeTarget "MusicByLocation2Tests" */ = {
			isa = XCConfigurationList;
			buildConfigurations = (
				6C9A563E29B114BD00F67992 /* Debug */,
				6C9A563F29B114BD00F67992 /* Release */,
			);
			defaultConfigurationIsVisible = 0;
			defaultConfigurationName = Release;
		};
		6C9A564029B114BD00F67992 /* Build configuration list for PBXNativeTarget "MusicByLocation2UITests" */ = {
			isa = XCConfigurationList;
			buildConfigurations = (
				6C9A564129B114BD00F67992 /* Debug */,
				6C9A564229B114BD00F67992 /* Release */,
			);
			defaultConfigurationIsVisible = 0;
			defaultConfigurationName = Release;
		};
/* End XCConfigurationList section */
	};
	rootObject = 6C9A560E29B114BB00F67992 /* Project object */;
}
